
Microsoft Visual Studio Solution File, Format Version 12.00
# Visual Studio Version 17
VisualStudioVersion = 17.5.33627.172
MinimumVisualStudioVersion = 10.0.40219.1
Project("{8BC9CEB8-8B4A-11D0-8D11-00A0C91BC942}") = "Simulation_project", "Simulation_project.vcxproj", "{746B6CAD-9ED7-49F7-AE75-840D72587EE7}"
	ProjectSection(ProjectDependencies) = postProject
		{32844197-3B7A-4507-A059-E6C10E10F1AA} = {32844197-3B7A-4507-A059-E6C10E10F1AA}
		{F573EDD9-10F9-4B91-B731-E0C997F05951} = {F573EDD9-10F9-4B91-B731-E0C997F05951}
	EndProjectSection
EndProject
Project("{8BC9CEB8-8B4A-11D0-8D11-00A0C91BC942}") = "Metric", "Metric\Metric.vcxproj", "{F573EDD9-10F9-4B91-B731-E0C997F05951}"
EndProject
Project("{8BC9CEB8-8B4A-11D0-8D11-00A0C91BC942}") = "Model", "Model\Model.vcxproj", "{32844197-3B7A-4507-A059-E6C10E10F1AA}"
	ProjectSection(ProjectDependencies) = postProject
		{F573EDD9-10F9-4B91-B731-E0C997F05951} = {F573EDD9-10F9-4B91-B731-E0C997F05951}
	EndProjectSection
EndProject
Project("{8BC9CEB8-8B4A-11D0-8D11-00A0C91BC942}") = "Movement", "Movement\Movement.vcxproj", "{D7905500-4FC9-4114-9AD0-98AC0AFD4CD5}"
	ProjectSection(ProjectDependencies) = postProject
		{32844197-3B7A-4507-A059-E6C10E10F1AA} = {32844197-3B7A-4507-A059-E6C10E10F1AA}
	EndProjectSection
EndProject
Project("{8BC9CEB8-8B4A-11D0-8D11-00A0C91BC942}") = "Average_number_transfered_messages", "Average_number_transfered_messages\Average_number_transfered_messages.vcxproj", "{2951884A-D1F2-4DEE-915D-C56C3B2F7E1A}"
	ProjectSection(ProjectDependencies) = postProject
		{F573EDD9-10F9-4B91-B731-E0C997F05951} = {F573EDD9-10F9-4B91-B731-E0C997F05951}
	EndProjectSection
EndProject
Project("{8BC9CEB8-8B4A-11D0-8D11-00A0C91BC942}") = "Average_number_transfered_messages_for_one_time", "Average_number_transfered_messages_for_one_time\Average_number_transfered_messages_for_one_time.vcxproj", "{7DA8CAA6-6792-4A6F-962C-57BF5007243B}"
	ProjectSection(ProjectDependencies) = postProject
		{F573EDD9-10F9-4B91-B731-E0C997F05951} = {F573EDD9-10F9-4B91-B731-E0C997F05951}
	EndProjectSection
EndProject
Project("{8BC9CEB8-8B4A-11D0-8D11-00A0C91BC942}") = "Node", "Node\Node.vcxproj", "{B61FFE72-8CC1-4F0C-B252-124068719B00}"
	ProjectSection(ProjectDependencies) = postProject
		{32844197-3B7A-4507-A059-E6C10E10F1AA} = {32844197-3B7A-4507-A059-E6C10E10F1AA}
	EndProjectSection
EndProject
Project("{8BC9CEB8-8B4A-11D0-8D11-00A0C91BC942}") = "Transfer", "Transfer\Transfer.vcxproj", "{9A58E4E8-FA90-4AED-B55B-B4E3E564B56C}"
	ProjectSection(ProjectDependencies) = postProject
		{2951884A-D1F2-4DEE-915D-C56C3B2F7E1A} = {2951884A-D1F2-4DEE-915D-C56C3B2F7E1A}
		{32844197-3B7A-4507-A059-E6C10E10F1AA} = {32844197-3B7A-4507-A059-E6C10E10F1AA}
		{7DA8CAA6-6792-4A6F-962C-57BF5007243B} = {7DA8CAA6-6792-4A6F-962C-57BF5007243B}
	EndProjectSection
EndProject
Project("{8BC9CEB8-8B4A-11D0-8D11-00A0C91BC942}") = "Area", "Area\Area.vcxproj", "{E9955DAA-A64A-449B-8947-BBD4E962E7CA}"
	ProjectSection(ProjectDependencies) = postProject
		{32844197-3B7A-4507-A059-E6C10E10F1AA} = {32844197-3B7A-4507-A059-E6C10E10F1AA}
		{9A58E4E8-FA90-4AED-B55B-B4E3E564B56C} = {9A58E4E8-FA90-4AED-B55B-B4E3E564B56C}
		{B61FFE72-8CC1-4F0C-B252-124068719B00} = {B61FFE72-8CC1-4F0C-B252-124068719B00}
	EndProjectSection
EndProject
Project("{8BC9CEB8-8B4A-11D0-8D11-00A0C91BC942}") = "Network", "Network\Network.vcxproj", "{AAB3A9AB-9033-42DC-A642-34EFD49D5A8D}"
	ProjectSection(ProjectDependencies) = postProject
		{32844197-3B7A-4507-A059-E6C10E10F1AA} = {32844197-3B7A-4507-A059-E6C10E10F1AA}
		{E9955DAA-A64A-449B-8947-BBD4E962E7CA} = {E9955DAA-A64A-449B-8947-BBD4E962E7CA}
	EndProjectSection
EndProject
Project("{8BC9CEB8-8B4A-11D0-8D11-00A0C91BC942}") = "Parallel_movement", "Parallel_movement\Parallel_movement.vcxproj", "{2116EC3D-06FD-47C0-B7D0-692577F76662}"
EndProject
Project("{8BC9CEB8-8B4A-11D0-8D11-00A0C91BC942}") = "Network_parallel", "Network_parallel\Network_parallel.vcxproj", "{567EFE0C-00BC-4E88-867A-818D4A9BCE47}"
	ProjectSection(ProjectDependencies) = postProject
		{32844197-3B7A-4507-A059-E6C10E10F1AA} = {32844197-3B7A-4507-A059-E6C10E10F1AA}
		{9128E755-936A-4F64-AC57-0D85FA06652C} = {9128E755-936A-4F64-AC57-0D85FA06652C}
		{E9955DAA-A64A-449B-8947-BBD4E962E7CA} = {E9955DAA-A64A-449B-8947-BBD4E962E7CA}
		{F573EDD9-10F9-4B91-B731-E0C997F05951} = {F573EDD9-10F9-4B91-B731-E0C997F05951}
	EndProjectSection
EndProject
Project("{8BC9CEB8-8B4A-11D0-8D11-00A0C91BC942}") = "Area_parallel", "Area_parallel\Area_parallel.vcxproj", "{9128E755-936A-4F64-AC57-0D85FA06652C}"
	ProjectSection(ProjectDependencies) = postProject
		{32844197-3B7A-4507-A059-E6C10E10F1AA} = {32844197-3B7A-4507-A059-E6C10E10F1AA}
		{9A58E4E8-FA90-4AED-B55B-B4E3E564B56C} = {9A58E4E8-FA90-4AED-B55B-B4E3E564B56C}
		{B61FFE72-8CC1-4F0C-B252-124068719B00} = {B61FFE72-8CC1-4F0C-B252-124068719B00}
	EndProjectSection
EndProject
Global
	GlobalSection(SolutionConfigurationPlatforms) = preSolution
		Debug|x64 = Debug|x64
		Debug|x86 = Debug|x86
		Release|x64 = Release|x64
		Release|x86 = Release|x86
	EndGlobalSection
	GlobalSection(ProjectConfigurationPlatforms) = postSolution
		{746B6CAD-9ED7-49F7-AE75-840D72587EE7}.Debug|x64.ActiveCfg = Debug|x64
		{746B6CAD-9ED7-49F7-AE75-840D72587EE7}.Debug|x64.Build.0 = Debug|x64
		{746B6CAD-9ED7-49F7-AE75-840D72587EE7}.Debug|x86.ActiveCfg = Debug|Win32
		{746B6CAD-9ED7-49F7-AE75-840D72587EE7}.Debug|x86.Build.0 = Debug|Win32
		{746B6CAD-9ED7-49F7-AE75-840D72587EE7}.Release|x64.ActiveCfg = Release|x64
		{746B6CAD-9ED7-49F7-AE75-840D72587EE7}.Release|x64.Build.0 = Release|x64
		{746B6CAD-9ED7-49F7-AE75-840D72587EE7}.Release|x86.ActiveCfg = Release|Win32
		{746B6CAD-9ED7-49F7-AE75-840D72587EE7}.Release|x86.Build.0 = Release|Win32
		{F573EDD9-10F9-4B91-B731-E0C997F05951}.Debug|x64.ActiveCfg = Debug|x64
		{F573EDD9-10F9-4B91-B731-E0C997F05951}.Debug|x64.Build.0 = Debug|x64
		{F573EDD9-10F9-4B91-B731-E0C997F05951}.Debug|x86.ActiveCfg = Debug|Win32
		{F573EDD9-10F9-4B91-B731-E0C997F05951}.Debug|x86.Build.0 = Debug|Win32
		{F573EDD9-10F9-4B91-B731-E0C997F05951}.Release|x64.ActiveCfg = Release|x64
		{F573EDD9-10F9-4B91-B731-E0C997F05951}.Release|x64.Build.0 = Release|x64
		{F573EDD9-10F9-4B91-B731-E0C997F05951}.Release|x86.ActiveCfg = Release|Win32
		{F573EDD9-10F9-4B91-B731-E0C997F05951}.Release|x86.Build.0 = Release|Win32
		{32844197-3B7A-4507-A059-E6C10E10F1AA}.Debug|x64.ActiveCfg = Debug|x64
		{32844197-3B7A-4507-A059-E6C10E10F1AA}.Debug|x64.Build.0 = Debug|x64
		{32844197-3B7A-4507-A059-E6C10E10F1AA}.Debug|x86.ActiveCfg = Debug|Win32
		{32844197-3B7A-4507-A059-E6C10E10F1AA}.Debug|x86.Build.0 = Debug|Win32
		{32844197-3B7A-4507-A059-E6C10E10F1AA}.Release|x64.ActiveCfg = Release|x64
		{32844197-3B7A-4507-A059-E6C10E10F1AA}.Release|x64.Build.0 = Release|x64
		{32844197-3B7A-4507-A059-E6C10E10F1AA}.Release|x86.ActiveCfg = Release|Win32
		{32844197-3B7A-4507-A059-E6C10E10F1AA}.Release|x86.Build.0 = Release|Win32
		{D7905500-4FC9-4114-9AD0-98AC0AFD4CD5}.Debug|x64.ActiveCfg = Debug|x64
		{D7905500-4FC9-4114-9AD0-98AC0AFD4CD5}.Debug|x64.Build.0 = Debug|x64
		{D7905500-4FC9-4114-9AD0-98AC0AFD4CD5}.Debug|x86.ActiveCfg = Debug|Win32
		{D7905500-4FC9-4114-9AD0-98AC0AFD4CD5}.Debug|x86.Build.0 = Debug|Win32
		{D7905500-4FC9-4114-9AD0-98AC0AFD4CD5}.Release|x64.ActiveCfg = Release|x64
		{D7905500-4FC9-4114-9AD0-98AC0AFD4CD5}.Release|x64.Build.0 = Release|x64
		{D7905500-4FC9-4114-9AD0-98AC0AFD4CD5}.Release|x86.ActiveCfg = Release|Win32
		{D7905500-4FC9-4114-9AD0-98AC0AFD4CD5}.Release|x86.Build.0 = Release|Win32
		{2951884A-D1F2-4DEE-915D-C56C3B2F7E1A}.Debug|x64.ActiveCfg = Debug|x64
		{2951884A-D1F2-4DEE-915D-C56C3B2F7E1A}.Debug|x64.Build.0 = Debug|x64
		{2951884A-D1F2-4DEE-915D-C56C3B2F7E1A}.Debug|x86.ActiveCfg = Debug|Win32
		{2951884A-D1F2-4DEE-915D-C56C3B2F7E1A}.Debug|x86.Build.0 = Debug|Win32
		{2951884A-D1F2-4DEE-915D-C56C3B2F7E1A}.Release|x64.ActiveCfg = Release|x64
		{2951884A-D1F2-4DEE-915D-C56C3B2F7E1A}.Release|x64.Build.0 = Release|x64
		{2951884A-D1F2-4DEE-915D-C56C3B2F7E1A}.Release|x86.ActiveCfg = Release|Win32
		{2951884A-D1F2-4DEE-915D-C56C3B2F7E1A}.Release|x86.Build.0 = Release|Win32
		{7DA8CAA6-6792-4A6F-962C-57BF5007243B}.Debug|x64.ActiveCfg = Debug|x64
		{7DA8CAA6-6792-4A6F-962C-57BF5007243B}.Debug|x64.Build.0 = Debug|x64
		{7DA8CAA6-6792-4A6F-962C-57BF5007243B}.Debug|x86.ActiveCfg = Debug|Win32
		{7DA8CAA6-6792-4A6F-962C-57BF5007243B}.Debug|x86.Build.0 = Debug|Win32
		{7DA8CAA6-6792-4A6F-962C-57BF5007243B}.Release|x64.ActiveCfg = Release|x64
		{7DA8CAA6-6792-4A6F-962C-57BF5007243B}.Release|x64.Build.0 = Release|x64
		{7DA8CAA6-6792-4A6F-962C-57BF5007243B}.Release|x86.ActiveCfg = Release|Win32
		{7DA8CAA6-6792-4A6F-962C-57BF5007243B}.Release|x86.Build.0 = Release|Win32
		{B61FFE72-8CC1-4F0C-B252-124068719B00}.Debug|x64.ActiveCfg = Debug|x64
		{B61FFE72-8CC1-4F0C-B252-124068719B00}.Debug|x64.Build.0 = Debug|x64
		{B61FFE72-8CC1-4F0C-B252-124068719B00}.Debug|x86.ActiveCfg = Debug|Win32
		{B61FFE72-8CC1-4F0C-B252-124068719B00}.Debug|x86.Build.0 = Debug|Win32
		{B61FFE72-8CC1-4F0C-B252-124068719B00}.Release|x64.ActiveCfg = Release|x64
		{B61FFE72-8CC1-4F0C-B252-124068719B00}.Release|x64.Build.0 = Release|x64
		{B61FFE72-8CC1-4F0C-B252-124068719B00}.Release|x86.ActiveCfg = Release|Win32
		{B61FFE72-8CC1-4F0C-B252-124068719B00}.Release|x86.Build.0 = Release|Win32
		{9A58E4E8-FA90-4AED-B55B-B4E3E564B56C}.Debug|x64.ActiveCfg = Debug|x64
		{9A58E4E8-FA90-4AED-B55B-B4E3E564B56C}.Debug|x64.Build.0 = Debug|x64
		{9A58E4E8-FA90-4AED-B55B-B4E3E564B56C}.Debug|x86.ActiveCfg = Debug|Win32
		{9A58E4E8-FA90-4AED-B55B-B4E3E564B56C}.Debug|x86.Build.0 = Debug|Win32
		{9A58E4E8-FA90-4AED-B55B-B4E3E564B56C}.Release|x64.ActiveCfg = Release|x64
		{9A58E4E8-FA90-4AED-B55B-B4E3E564B56C}.Release|x64.Build.0 = Release|x64
		{9A58E4E8-FA90-4AED-B55B-B4E3E564B56C}.Release|x86.ActiveCfg = Release|Win32
		{9A58E4E8-FA90-4AED-B55B-B4E3E564B56C}.Release|x86.Build.0 = Release|Win32
		{E9955DAA-A64A-449B-8947-BBD4E962E7CA}.Debug|x64.ActiveCfg = Debug|x64
		{E9955DAA-A64A-449B-8947-BBD4E962E7CA}.Debug|x64.Build.0 = Debug|x64
		{E9955DAA-A64A-449B-8947-BBD4E962E7CA}.Debug|x86.ActiveCfg = Debug|Win32
		{E9955DAA-A64A-449B-8947-BBD4E962E7CA}.Debug|x86.Build.0 = Debug|Win32
		{E9955DAA-A64A-449B-8947-BBD4E962E7CA}.Release|x64.ActiveCfg = Release|x64
		{E9955DAA-A64A-449B-8947-BBD4E962E7CA}.Release|x64.Build.0 = Release|x64
		{E9955DAA-A64A-449B-8947-BBD4E962E7CA}.Release|x86.ActiveCfg = Release|Win32
		{E9955DAA-A64A-449B-8947-BBD4E962E7CA}.Release|x86.Build.0 = Release|Win32
		{AAB3A9AB-9033-42DC-A642-34EFD49D5A8D}.Debug|x64.ActiveCfg = Debug|x64
		{AAB3A9AB-9033-42DC-A642-34EFD49D5A8D}.Debug|x64.Build.0 = Debug|x64
		{AAB3A9AB-9033-42DC-A642-34EFD49D5A8D}.Debug|x86.ActiveCfg = Debug|Win32
		{AAB3A9AB-9033-42DC-A642-34EFD49D5A8D}.Debug|x86.Build.0 = Debug|Win32
		{AAB3A9AB-9033-42DC-A642-34EFD49D5A8D}.Release|x64.ActiveCfg = Release|x64
		{AAB3A9AB-9033-42DC-A642-34EFD49D5A8D}.Release|x64.Build.0 = Release|x64
		{AAB3A9AB-9033-42DC-A642-34EFD49D5A8D}.Release|x86.ActiveCfg = Release|Win32
		{AAB3A9AB-9033-42DC-A642-34EFD49D5A8D}.Release|x86.Build.0 = Release|Win32
		{2116EC3D-06FD-47C0-B7D0-692577F76662}.Debug|x64.ActiveCfg = Debug|x64
		{2116EC3D-06FD-47C0-B7D0-692577F76662}.Debug|x64.Build.0 = Debug|x64
		{2116EC3D-06FD-47C0-B7D0-692577F76662}.Debug|x86.ActiveCfg = Debug|Win32
		{2116EC3D-06FD-47C0-B7D0-692577F76662}.Debug|x86.Build.0 = Debug|Win32
		{2116EC3D-06FD-47C0-B7D0-692577F76662}.Release|x64.ActiveCfg = Release|x64
		{2116EC3D-06FD-47C0-B7D0-692577F76662}.Release|x64.Build.0 = Release|x64
		{2116EC3D-06FD-47C0-B7D0-692577F76662}.Release|x86.ActiveCfg = Release|Win32
		{2116EC3D-06FD-47C0-B7D0-692577F76662}.Release|x86.Build.0 = Release|Win32
		{567EFE0C-00BC-4E88-867A-818D4A9BCE47}.Debug|x64.ActiveCfg = Debug|x64
		{567EFE0C-00BC-4E88-867A-818D4A9BCE47}.Debug|x64.Build.0 = Debug|x64
		{567EFE0C-00BC-4E88-867A-818D4A9BCE47}.Debug|x86.ActiveCfg = Debug|Win32
		{567EFE0C-00BC-4E88-867A-818D4A9BCE47}.Debug|x86.Build.0 = Debug|Win32
		{567EFE0C-00BC-4E88-867A-818D4A9BCE47}.Release|x64.ActiveCfg = Release|x64
		{567EFE0C-00BC-4E88-867A-818D4A9BCE47}.Release|x64.Build.0 = Release|x64
		{567EFE0C-00BC-4E88-867A-818D4A9BCE47}.Release|x86.ActiveCfg = Release|Win32
		{567EFE0C-00BC-4E88-867A-818D4A9BCE47}.Release|x86.Build.0 = Release|Win32
		{9128E755-936A-4F64-AC57-0D85FA06652C}.Debug|x64.ActiveCfg = Debug|x64
		{9128E755-936A-4F64-AC57-0D85FA06652C}.Debug|x64.Build.0 = Debug|x64
		{9128E755-936A-4F64-AC57-0D85FA06652C}.Debug|x86.ActiveCfg = Debug|Win32
		{9128E755-936A-4F64-AC57-0D85FA06652C}.Debug|x86.Build.0 = Debug|Win32
		{9128E755-936A-4F64-AC57-0D85FA06652C}.Release|x64.ActiveCfg = Release|x64
		{9128E755-936A-4F64-AC57-0D85FA06652C}.Release|x64.Build.0 = Release|x64
		{9128E755-936A-4F64-AC57-0D85FA06652C}.Release|x86.ActiveCfg = Release|Win32
		{9128E755-936A-4F64-AC57-0D85FA06652C}.Release|x86.Build.0 = Release|Win32
	EndGlobalSection
	GlobalSection(SolutionProperties) = preSolution
		HideSolutionNode = FALSE
	EndGlobalSection
	GlobalSection(ExtensibilityGlobals) = postSolution
		SolutionGuid = {0439BCB7-25AA-4104-AD72-820780B3F867}
	EndGlobalSection
EndGlobal
